// !$*UTF8*$!
{
	archiveVersion = 1;
	classes = {
	};
	objectVersion = 46;
	objects = {

/* Begin PBXBuildFile section */
		9CD7ADC11CA07CF500CCD5BD /* AppDelegate.swift in Sources */ = {isa = PBXBuildFile; fileRef = 9CD7ADC01CA07CF500CCD5BD /* AppDelegate.swift */; };
		9CD7ADC31CA07CF500CCD5BD /* ViewController.swift in Sources */ = {isa = PBXBuildFile; fileRef = 9CD7ADC21CA07CF500CCD5BD /* ViewController.swift */; };
		9CD7ADC61CA07CF500CCD5BD /* Main.storyboard in Resources */ = {isa = PBXBuildFile; fileRef = 9CD7ADC41CA07CF500CCD5BD /* Main.storyboard */; };
		9CD7ADC81CA07CF500CCD5BD /* Assets.xcassets in Resources */ = {isa = PBXBuildFile; fileRef = 9CD7ADC71CA07CF500CCD5BD /* Assets.xcassets */; };
		9CD7ADCB1CA07CF500CCD5BD /* LaunchScreen.storyboard in Resources */ = {isa = PBXBuildFile; fileRef = 9CD7ADC91CA07CF500CCD5BD /* LaunchScreen.storyboard */; };
		9CD7ADD61CA07CF500CCD5BD /* GraphAlgorithmVisualizationsTests.swift in Sources */ = {isa = PBXBuildFile; fileRef = 9CD7ADD51CA07CF500CCD5BD /* GraphAlgorithmVisualizationsTests.swift */; };
		9CD7ADE11CA07CF500CCD5BD /* GraphAlgorithmVisualizationsUITests.swift in Sources */ = {isa = PBXBuildFile; fileRef = 9CD7ADE01CA07CF500CCD5BD /* GraphAlgorithmVisualizationsUITests.swift */; };
/* End PBXBuildFile section */

/* Begin PBXContainerItemProxy section */
		9CD7ADD21CA07CF500CCD5BD /* PBXContainerItemProxy */ = {
			isa = PBXContainerItemProxy;
			containerPortal = 9CD7ADB51CA07CF500CCD5BD /* Project object */;
			proxyType = 1;
			remoteGlobalIDString = 9CD7ADBC1CA07CF500CCD5BD;
			remoteInfo = GraphAlgorithmVisualizations;
		};
		9CD7ADDD1CA07CF500CCD5BD /* PBXContainerItemProxy */ = {
			isa = PBXContainerItemProxy;
			containerPortal = 9CD7ADB51CA07CF500CCD5BD /* Project object */;
			proxyType = 1;
			remoteGlobalIDString = 9CD7ADBC1CA07CF500CCD5BD;
			remoteInfo = GraphAlgorithmVisualizations;
		};
/* End PBXContainerItemProxy section */

/* Begin PBXFileReference section */
		9CD7ADBD1CA07CF500CCD5BD /* GraphAlgorithmVisualizations.app */ = {isa = PBXFileReference; explicitFileType = wrapper.application; includeInIndex = 0; path = GraphAlgorithmVisualizations.app; sourceTree = BUILT_PRODUCTS_DIR; };
		9CD7ADC01CA07CF500CCD5BD /* AppDelegate.swift */ = {isa = PBXFileReference; lastKnownFileType = sourcecode.swift; path = AppDelegate.swift; sourceTree = "<group>"; };
		9CD7ADC21CA07CF500CCD5BD /* ViewController.swift */ = {isa = PBXFileReference; lastKnownFileType = sourcecode.swift; path = ViewController.swift; sourceTree = "<group>"; };
		9CD7ADC51CA07CF500CCD5BD /* Base */ = {isa = PBXFileReference; lastKnownFileType = file.storyboard; name = Base; path = Base.lproj/Main.storyboard; sourceTree = "<group>"; };
		9CD7ADC71CA07CF500CCD5BD /* Assets.xcassets */ = {isa = PBXFileReference; lastKnownFileType = folder.assetcatalog; path = Assets.xcassets; sourceTree = "<group>"; };
		9CD7ADCA1CA07CF500CCD5BD /* Base */ = {isa = PBXFileReference; lastKnownFileType = file.storyboard; name = Base; path = Base.lproj/LaunchScreen.storyboard; sourceTree = "<group>"; };
		9CD7ADCC1CA07CF500CCD5BD /* Info.plist */ = {isa = PBXFileReference; lastKnownFileType = text.plist.xml; path = Info.plist; sourceTree = "<group>"; };
		9CD7ADD11CA07CF500CCD5BD /* GraphAlgorithmVisualizationsTests.xctest */ = {isa = PBXFileReference; explicitFileType = wrapper.cfbundle; includeInIndex = 0; path = GraphAlgorithmVisualizationsTests.xctest; sourceTree = BUILT_PRODUCTS_DIR; };
		9CD7ADD51CA07CF500CCD5BD /* GraphAlgorithmVisualizationsTests.swift */ = {isa = PBXFileReference; lastKnownFileType = sourcecode.swift; path = GraphAlgorithmVisualizationsTests.swift; sourceTree = "<group>"; };
		9CD7ADD71CA07CF500CCD5BD /* Info.plist */ = {isa = PBXFileReference; lastKnownFileType = text.plist.xml; path = Info.plist; sourceTree = "<group>"; };
		9CD7ADDC1CA07CF500CCD5BD /* GraphAlgorithmVisualizationsUITests.xctest */ = {isa = PBXFileReference; explicitFileType = wrapper.cfbundle; includeInIndex = 0; path = GraphAlgorithmVisualizationsUITests.xctest; sourceTree = BUILT_PRODUCTS_DIR; };
		9CD7ADE01CA07CF500CCD5BD /* GraphAlgorithmVisualizationsUITests.swift */ = {isa = PBXFileReference; lastKnownFileType = sourcecode.swift; path = GraphAlgorithmVisualizationsUITests.swift; sourceTree = "<group>"; };
		9CD7ADE21CA07CF500CCD5BD /* Info.plist */ = {isa = PBXFileReference; lastKnownFileType = text.plist.xml; path = Info.plist; sourceTree = "<group>"; };
/* End PBXFileReference section */

/* Begin PBXFrameworksBuildPhase section */
		9CD7ADBA1CA07CF500CCD5BD /* Frameworks */ = {
			isa = PBXFrameworksBuildPhase;
			buildActionMask = 2147483647;
			files = (
			);
			runOnlyForDeploymentPostprocessing = 0;
		};
		9CD7ADCE1CA07CF500CCD5BD /* Frameworks */ = {
			isa = PBXFrameworksBuildPhase;
			buildActionMask = 2147483647;
			files = (
			);
			runOnlyForDeploymentPostprocessing = 0;
		};
		9CD7ADD91CA07CF500CCD5BD /* Frameworks */ = {
			isa = PBXFrameworksBuildPhase;
			buildActionMask = 2147483647;
			files = (
			);
			runOnlyForDeploymentPostprocessing = 0;
		};
/* End PBXFrameworksBuildPhase section */

/* Begin PBXGroup section */
		9CD7ADB41CA07CF500CCD5BD = {
			isa = PBXGroup;
			children = (
				9CD7ADBF1CA07CF500CCD5BD /* GraphAlgorithmVisualizations */,
				9CD7ADD41CA07CF500CCD5BD /* GraphAlgorithmVisualizationsTests */,
				9CD7ADDF1CA07CF500CCD5BD /* GraphAlgorithmVisualizationsUITests */,
				9CD7ADBE1CA07CF500CCD5BD /* Products */,
			);
			sourceTree = "<group>";
		};
		9CD7ADBE1CA07CF500CCD5BD /* Products */ = {
			isa = PBXGroup;
			children = (
				9CD7ADBD1CA07CF500CCD5BD /* GraphAlgorithmVisualizations.app */,
				9CD7ADD11CA07CF500CCD5BD /* GraphAlgorithmVisualizationsTests.xctest */,
				9CD7ADDC1CA07CF500CCD5BD /* GraphAlgorithmVisualizationsUITests.xctest */,
			);
			name = Products;
			sourceTree = "<group>";
		};
		9CD7ADBF1CA07CF500CCD5BD /* GraphAlgorithmVisualizations */ = {
			isa = PBXGroup;
			children = (
				9CD7ADC01CA07CF500CCD5BD /* AppDelegate.swift */,
				9CD7ADC21CA07CF500CCD5BD /* ViewController.swift */,
				9CD7ADC41CA07CF500CCD5BD /* Main.storyboard */,
				9CD7ADC71CA07CF500CCD5BD /* Assets.xcassets */,
				9CD7ADC91CA07CF500CCD5BD /* LaunchScreen.storyboard */,
				9CD7ADCC1CA07CF500CCD5BD /* Info.plist */,
			);
			path = GraphAlgorithmVisualizations;
			sourceTree = "<group>";
		};
		9CD7ADD41CA07CF500CCD5BD /* GraphAlgorithmVisualizationsTests */ = {
			isa = PBXGroup;
			children = (
				9CD7ADD51CA07CF500CCD5BD /* GraphAlgorithmVisualizationsTests.swift */,
				9CD7ADD71CA07CF500CCD5BD /* Info.plist */,
			);
			path = GraphAlgorithmVisualizationsTests;
			sourceTree = "<group>";
		};
		9CD7ADDF1CA07CF500CCD5BD /* GraphAlgorithmVisualizationsUITests */ = {
			isa = PBXGroup;
			children = (
				9CD7ADE01CA07CF500CCD5BD /* GraphAlgorithmVisualizationsUITests.swift */,
				9CD7ADE21CA07CF500CCD5BD /* Info.plist */,
			);
			path = GraphAlgorithmVisualizationsUITests;
			sourceTree = "<group>";
		};
/* End PBXGroup section */

/* Begin PBXNativeTarget section */
		9CD7ADBC1CA07CF500CCD5BD /* GraphAlgorithmVisualizations */ = {
			isa = PBXNativeTarget;
			buildConfigurationList = 9CD7ADE51CA07CF500CCD5BD /* Build configuration list for PBXNativeTarget "GraphAlgorithmVisualizations" */;
			buildPhases = (
				9CD7ADB91CA07CF500CCD5BD /* Sources */,
				9CD7ADBA1CA07CF500CCD5BD /* Frameworks */,
				9CD7ADBB1CA07CF500CCD5BD /* Resources */,
			);
			buildRules = (
			);
			dependencies = (
			);
			name = GraphAlgorithmVisualizations;
			productName = GraphAlgorithmVisualizations;
			productReference = 9CD7ADBD1CA07CF500CCD5BD /* GraphAlgorithmVisualizations.app */;
			productType = "com.apple.product-type.application";
		};
		9CD7ADD01CA07CF500CCD5BD /* GraphAlgorithmVisualizationsTests */ = {
			isa = PBXNativeTarget;
			buildConfigurationList = 9CD7ADE81CA07CF500CCD5BD /* Build configuration list for PBXNativeTarget "GraphAlgorithmVisualizationsTests" */;
			buildPhases = (
				9CD7ADCD1CA07CF500CCD5BD /* Sources */,
				9CD7ADCE1CA07CF500CCD5BD /* Frameworks */,
				9CD7ADCF1CA07CF500CCD5BD /* Resources */,
			);
			buildRules = (
			);
			dependencies = (
				9CD7ADD31CA07CF500CCD5BD /* PBXTargetDependency */,
			);
			name = GraphAlgorithmVisualizationsTests;
			productName = GraphAlgorithmVisualizationsTests;
			productReference = 9CD7ADD11CA07CF500CCD5BD /* GraphAlgorithmVisualizationsTests.xctest */;
			productType = "com.apple.product-type.bundle.unit-test";
		};
		9CD7ADDB1CA07CF500CCD5BD /* GraphAlgorithmVisualizationsUITests */ = {
			isa = PBXNativeTarget;
			buildConfigurationList = 9CD7ADEB1CA07CF500CCD5BD /* Build configuration list for PBXNativeTarget "GraphAlgorithmVisualizationsUITests" */;
			buildPhases = (
				9CD7ADD81CA07CF500CCD5BD /* Sources */,
				9CD7ADD91CA07CF500CCD5BD /* Frameworks */,
				9CD7ADDA1CA07CF500CCD5BD /* Resources */,
			);
			buildRules = (
			);
			dependencies = (
				9CD7ADDE1CA07CF500CCD5BD /* PBXTargetDependency */,
			);
			name = GraphAlgorithmVisualizationsUITests;
			productName = GraphAlgorithmVisualizationsUITests;
			productReference = 9CD7ADDC1CA07CF500CCD5BD /* GraphAlgorithmVisualizationsUITests.xctest */;
			productType = "com.apple.product-type.bundle.ui-testing";
		};
/* End PBXNativeTarget section */

/* Begin PBXProject section */
		9CD7ADB51CA07CF500CCD5BD /* Project object */ = {
			isa = PBXProject;
			attributes = {
				LastSwiftUpdateCheck = 0720;
				LastUpgradeCheck = 0720;
				ORGANIZATIONNAME = "Goote, Nick";
				TargetAttributes = {
					9CD7ADBC1CA07CF500CCD5BD = {
						CreatedOnToolsVersion = 7.2.1;
					};
					9CD7ADD01CA07CF500CCD5BD = {
						CreatedOnToolsVersion = 7.2.1;
						TestTargetID = 9CD7ADBC1CA07CF500CCD5BD;
					};
					9CD7ADDB1CA07CF500CCD5BD = {
						CreatedOnToolsVersion = 7.2.1;
						TestTargetID = 9CD7ADBC1CA07CF500CCD5BD;
					};
				};
			};
			buildConfigurationList = 9CD7ADB81CA07CF500CCD5BD /* Build configuration list for PBXProject "GraphAlgorithmVisualizations" */;
			compatibilityVersion = "Xcode 3.2";
			developmentRegion = English;
			hasScannedForEncodings = 0;
			knownRegions = (
				en,
				Base,
			);
			mainGroup = 9CD7ADB41CA07CF500CCD5BD;
			productRefGroup = 9CD7ADBE1CA07CF500CCD5BD /* Products */;
			projectDirPath = "";
			projectRoot = "";
			targets = (
				9CD7ADBC1CA07CF500CCD5BD /* GraphAlgorithmVisualizations */,
				9CD7ADD01CA07CF500CCD5BD /* GraphAlgorithmVisualizationsTests */,
				9CD7ADDB1CA07CF500CCD5BD /* GraphAlgorithmVisualizationsUITests */,
			);
		};
/* End PBXProject section */

/* Begin PBXResourcesBuildPhase section */
		9CD7ADBB1CA07CF500CCD5BD /* Resources */ = {
			isa = PBXResourcesBuildPhase;
			buildActionMask = 2147483647;
			files = (
				9CD7ADCB1CA07CF500CCD5BD /* LaunchScreen.storyboard in Resources */,
				9CD7ADC81CA07CF500CCD5BD /* Assets.xcassets in Resources */,
				9CD7ADC61CA07CF500CCD5BD /* Main.storyboard in Resources */,
			);
			runOnlyForDeploymentPostprocessing = 0;
		};
		9CD7ADCF1CA07CF500CCD5BD /* Resources */ = {
			isa = PBXResourcesBuildPhase;
			buildActionMask = 2147483647;
			files = (
			);
			runOnlyForDeploymentPostprocessing = 0;
		};
		9CD7ADDA1CA07CF500CCD5BD /* Resources */ = {
			isa = PBXResourcesBuildPhase;
			buildActionMask = 2147483647;
			files = (
			);
			runOnlyForDeploymentPostprocessing = 0;
		};
/* End PBXResourcesBuildPhase section */

/* Begin PBXSourcesBuildPhase section */
		9CD7ADB91CA07CF500CCD5BD /* Sources */ = {
			isa = PBXSourcesBuildPhase;
			buildActionMask = 2147483647;
			files = (
				9CD7ADC31CA07CF500CCD5BD /* ViewController.swift in Sources */,
				9CD7ADC11CA07CF500CCD5BD /* AppDelegate.swift in Sources */,
			);
			runOnlyForDeploymentPostprocessing = 0;
		};
		9CD7ADCD1CA07CF500CCD5BD /* Sources */ = {
			isa = PBXSourcesBuildPhase;
			buildActionMask = 2147483647;
			files = (
				9CD7ADD61CA07CF500CCD5BD /* GraphAlgorithmVisualizationsTests.swift in Sources */,
			);
			runOnlyForDeploymentPostprocessing = 0;
		};
		9CD7ADD81CA07CF500CCD5BD /* Sources */ = {
			isa = PBXSourcesBuildPhase;
			buildActionMask = 2147483647;
			files = (
				9CD7ADE11CA07CF500CCD5BD /* GraphAlgorithmVisualizationsUITests.swift in Sources */,
			);
			runOnlyForDeploymentPostprocessing = 0;
		};
/* End PBXSourcesBuildPhase section */

/* Begin PBXTargetDependency section */
		9CD7ADD31CA07CF500CCD5BD /* PBXTargetDependency */ = {
			isa = PBXTargetDependency;
			target = 9CD7ADBC1CA07CF500CCD5BD /* GraphAlgorithmVisualizations */;
			targetProxy = 9CD7ADD21CA07CF500CCD5BD /* PBXContainerItemProxy */;
		};
		9CD7ADDE1CA07CF500CCD5BD /* PBXTargetDependency */ = {
			isa = PBXTargetDependency;
			target = 9CD7ADBC1CA07CF500CCD5BD /* GraphAlgorithmVisualizations */;
			targetProxy = 9CD7ADDD1CA07CF500CCD5BD /* PBXContainerItemProxy */;
		};
/* End PBXTargetDependency section */

/* Begin PBXVariantGroup section */
		9CD7ADC41CA07CF500CCD5BD /* Main.storyboard */ = {
			isa = PBXVariantGroup;
			children = (
				9CD7ADC51CA07CF500CCD5BD /* Base */,
			);
			name = Main.storyboard;
			sourceTree = "<group>";
		};
		9CD7ADC91CA07CF500CCD5BD /* LaunchScreen.storyboard */ = {
			isa = PBXVariantGroup;
			children = (
				9CD7ADCA1CA07CF500CCD5BD /* Base */,
			);
			name = LaunchScreen.storyboard;
			sourceTree = "<group>";
		};
/* End PBXVariantGroup section */

/* Begin XCBuildConfiguration section */
		9CD7ADE31CA07CF500CCD5BD /* Debug */ = {
			isa = XCBuildConfiguration;
			buildSettings = {
				ALWAYS_SEARCH_USER_PATHS = NO;
				CLANG_CXX_LANGUAGE_STANDARD = "gnu++0x";
				CLANG_CXX_LIBRARY = "libc++";
				CLANG_ENABLE_MODULES = YES;
				CLANG_ENABLE_OBJC_ARC = YES;
				CLANG_WARN_BOOL_CONVERSION = YES;
				CLANG_WARN_CONSTANT_CONVERSION = YES;
				CLANG_WARN_DIRECT_OBJC_ISA_USAGE = YES_ERROR;
				CLANG_WARN_EMPTY_BODY = YES;
				CLANG_WARN_ENUM_CONVERSION = YES;
				CLANG_WARN_INT_CONVERSION = YES;
				CLANG_WARN_OBJC_ROOT_CLASS = YES_ERROR;
				CLANG_WARN_UNREACHABLE_CODE = YES;
				CLANG_WARN__DUPLICATE_METHOD_MATCH = YES;
				"CODE_SIGN_IDENTITY[sdk=iphoneos*]" = "iPhone Developer";
				COPY_PHASE_STRIP = NO;
				DEBUG_INFORMATION_FORMAT = dwarf;
				ENABLE_STRICT_OBJC_MSGSEND = YES;
				ENABLE_TESTABILITY = YES;
				GCC_C_LANGUAGE_STANDARD = gnu99;
				GCC_DYNAMIC_NO_PIC = NO;
				GCC_NO_COMMON_BLOCKS = YES;
				GCC_OPTIMIZATION_LEVEL = 0;
				GCC_PREPROCESSOR_DEFINITIONS = (
					"DEBUG=1",
					"$(inherited)",
				);
				GCC_WARN_64_TO_32_BIT_CONVERSION = YES;
				GCC_WARN_ABOUT_RETURN_TYPE = YES_ERROR;
				GCC_WARN_UNDECLARED_SELECTOR = YES;
				GCC_WARN_UNINITIALIZED_AUTOS = YES_AGGRESSIVE;
				GCC_WARN_UNUSED_FUNCTION = YES;
				GCC_WARN_UNUSED_VARIABLE = YES;
				IPHONEOS_DEPLOYMENT_TARGET = 9.2;
				MTL_ENABLE_DEBUG_INFO = YES;
				ONLY_ACTIVE_ARCH = YES;
				SDKROOT = iphoneos;
				SWIFT_OPTIMIZATION_LEVEL = "-Onone";
				TARGETED_DEVICE_FAMILY = "1,2";
			};
			name = Debug;
		};
		9CD7ADE41CA07CF500CCD5BD /* Release */ = {
			isa = XCBuildConfiguration;
			buildSettings = {
				ALWAYS_SEARCH_USER_PATHS = NO;
				CLANG_CXX_LANGUAGE_STANDARD = "gnu++0x";
				CLANG_CXX_LIBRARY = "libc++";
				CLANG_ENABLE_MODULES = YES;
				CLANG_ENABLE_OBJC_ARC = YES;
				CLANG_WARN_BOOL_CONVERSION = YES;
				CLANG_WARN_CONSTANT_CONVERSION = YES;
				CLANG_WARN_DIRECT_OBJC_ISA_USAGE = YES_ERROR;
				CLANG_WARN_EMPTY_BODY = YES;
				CLANG_WARN_ENUM_CONVERSION = YES;
				CLANG_WARN_INT_CONVERSION = YES;
				CLANG_WARN_OBJC_ROOT_CLASS = YES_ERROR;
				CLANG_WARN_UNREACHABLE_CODE = YES;
				CLANG_WARN__DUPLICATE_METHOD_MATCH = YES;
				"CODE_SIGN_IDENTITY[sdk=iphoneos*]" = "iPhone Developer";
				COPY_PHASE_STRIP = NO;
				DEBUG_INFORMATION_FORMAT = "dwarf-with-dsym";
				ENABLE_NS_ASSERTIONS = NO;
				ENABLE_STRICT_OBJC_MSGSEND = YES;
				GCC_C_LANGUAGE_STANDARD = gnu99;
				GCC_NO_COMMON_BLOCKS = YES;
				GCC_WARN_64_TO_32_BIT_CONVERSION = YES;
				GCC_WARN_ABOUT_RETURN_TYPE = YES_ERROR;
				GCC_WARN_UNDECLARED_SELECTOR = YES;
				GCC_WARN_UNINITIALIZED_AUTOS = YES_AGGRESSIVE;
				GCC_WARN_UNUSED_FUNCTION = YES;
				GCC_WARN_UNUSED_VARIABLE = YES;
				IPHONEOS_DEPLOYMENT_TARGET = 9.2;
				MTL_ENABLE_DEBUG_INFO = NO;
				SDKROOT = iphoneos;
				TARGETED_DEVICE_FAMILY = "1,2";
				VALIDATE_PRODUCT = YES;
			};
			name = Release;
		};
		9CD7ADE61CA07CF500CCD5BD /* Debug */ = {
			isa = XCBuildConfiguration;
			buildSettings = {
				ASSETCATALOG_COMPILER_APPICON_NAME = AppIcon;
				INFOPLIST_FILE = GraphAlgorithmVisualizations/Info.plist;
				LD_RUNPATH_SEARCH_PATHS = "$(inherited) @executable_path/Frameworks";
				PRODUCT_BUNDLE_IDENTIFIER = personal.GraphAlgorithmVisualizations;
				PRODUCT_NAME = "$(TARGET_NAME)";
			};
			name = Debug;
		};
		9CD7ADE71CA07CF500CCD5BD /* Release */ = {
			isa = XCBuildConfiguration;
			buildSettings = {
				ASSETCATALOG_COMPILER_APPICON_NAME = AppIcon;
				INFOPLIST_FILE = GraphAlgorithmVisualizations/Info.plist;
				LD_RUNPATH_SEARCH_PATHS = "$(inherited) @executable_path/Frameworks";
				PRODUCT_BUNDLE_IDENTIFIER = personal.GraphAlgorithmVisualizations;
				PRODUCT_NAME = "$(TARGET_NAME)";
			};
			name = Release;
		};
		9CD7ADE91CA07CF500CCD5BD /* Debug */ = {
			isa = XCBuildConfiguration;
			buildSettings = {
				BUNDLE_LOADER = "$(TEST_HOST)";
				INFOPLIST_FILE = GraphAlgorithmVisualizationsTests/Info.plist;
				LD_RUNPATH_SEARCH_PATHS = "$(inherited) @executable_path/Frameworks @loader_path/Frameworks";
				PRODUCT_BUNDLE_IDENTIFIER = personal.GraphAlgorithmVisualizationsTests;
				PRODUCT_NAME = "$(TARGET_NAME)";
				TEST_HOST = "$(BUILT_PRODUCTS_DIR)/GraphAlgorithmVisualizations.app/GraphAlgorithmVisualizations";
			};
			name = Debug;
		};
		9CD7ADEA1CA07CF500CCD5BD /* Release */ = {
			isa = XCBuildConfiguration;
			buildSettings = {
				BUNDLE_LOADER = "$(TEST_HOST)";
				INFOPLIST_FILE = GraphAlgorithmVisualizationsTests/Info.plist;
				LD_RUNPATH_SEARCH_PATHS = "$(inherited) @executable_path/Frameworks @loader_path/Frameworks";
				PRODUCT_BUNDLE_IDENTIFIER = personal.GraphAlgorithmVisualizationsTests;
				PRODUCT_NAME = "$(TARGET_NAME)";
				TEST_HOST = "$(BUILT_PRODUCTS_DIR)/GraphAlgorithmVisualizations.app/GraphAlgorithmVisualizations";
			};
			name = Release;
		};
		9CD7ADEC1CA07CF500CCD5BD /* Debug */ = {
			isa = XCBuildConfiguration;
			buildSettings = {
				INFOPLIST_FILE = GraphAlgorithmVisualizationsUITests/Info.plist;
				LD_RUNPATH_SEARCH_PATHS = "$(inherited) @executable_path/Frameworks @loader_path/Frameworks";
				PRODUCT_BUNDLE_IDENTIFIER = personal.GraphAlgorithmVisualizationsUITests;
				PRODUCT_NAME = "$(TARGET_NAME)";
				TEST_TARGET_NAME = GraphAlgorithmVisualizations;
				USES_XCTRUNNER = YES;
			};
			name = Debug;
		};
		9CD7ADED1CA07CF500CCD5BD /* Release */ = {
			isa = XCBuildConfiguration;
			buildSettings = {
				INFOPLIST_FILE = GraphAlgorithmVisualizationsUITests/Info.plist;
				LD_RUNPATH_SEARCH_PATHS = "$(inherited) @executable_path/Frameworks @loader_path/Frameworks";
				PRODUCT_BUNDLE_IDENTIFIER = personal.GraphAlgorithmVisualizationsUITests;
				PRODUCT_NAME = "$(TARGET_NAME)";
				TEST_TARGET_NAME = GraphAlgorithmVisualizations;
				USES_XCTRUNNER = YES;
			};
			name = Release;
		};
/* End XCBuildConfiguration section */

/* Begin XCConfigurationList section */
		9CD7ADB81CA07CF500CCD5BD /* Build configuration list for PBXProject "GraphAlgorithmVisualizations" */ = {
			isa = XCConfigurationList;
			buildConfigurations = (
				9CD7ADE31CA07CF500CCD5BD /* Debug */,
				9CD7ADE41CA07CF500CCD5BD /* Release */,
			);
			defaultConfigurationIsVisible = 0;
			defaultConfigurationName = Release;
		};
		9CD7ADE51CA07CF500CCD5BD /* Build configuration list for PBXNativeTarget "GraphAlgorithmVisualizations" */ = {
			isa = XCConfigurationList;
			buildConfigurations = (
				9CD7ADE61CA07CF500CCD5BD /* Debug */,
				9CD7ADE71CA07CF500CCD5BD /* Release */,
			);
			defaultConfigurationIsVisible = 0;
		};
		9CD7ADE81CA07CF500CCD5BD /* Build configuration list for PBXNativeTarget "GraphAlgorithmVisualizationsTests" */ = {
			isa = XCConfigurationList;
			buildConfigurations = (
				9CD7ADE91CA07CF500CCD5BD /* Debug */,
				9CD7ADEA1CA07CF500CCD5BD /* Release */,
			);
			defaultConfigurationIsVisible = 0;
		};
		9CD7ADEB1CA07CF500CCD5BD /* Build configuration list for PBXNativeTarget "GraphAlgorithmVisualizationsUITests" */ = {
			isa = XCConfigurationList;
			buildConfigurations = (
				9CD7ADEC1CA07CF500CCD5BD /* Debug */,
				9CD7ADED1CA07CF500CCD5BD /* Release */,
			);
			defaultConfigurationIsVisible = 0;
		};
/* End XCConfigurationList section */
	};
	rootObject = 9CD7ADB51CA07CF500CCD5BD /* Project object */;
}
